PODS:
  - HaishinKit (1.0.6):
    - Logboard (~> 2.1.2)
  - Logboard (2.1.2)

DEPENDENCIES:
  - HaishinKit (~> 1.0.4)
  - Logboard (~> 2.1.2)

SPEC REPOS:
  trunk:
    - HaishinKit
    - Logboard

SPEC CHECKSUMS:
  HaishinKit: b3d14a39257c5afad19ee1ae94d0d8bfd15a933e
  Logboard: e3342fa111e26268bb89577e6a40a0660a423ddd

PODFILE CHECKSUM: 439c9c4ba7d54800602a341c1a613f9f39535aa5

COCOAPODS: 1.8.4
